
Microsoft Visual Studio Solution File, Format Version 12.00
# Visual Studio Version 17
VisualStudioVersion = 17.2.32210.308
MinimumVisualStudioVersion = 10.0.40219.1
Project("{FAE04EC0-301F-11D3-BF4B-00C04F79EFBC}") = "2022_2_26", "2022_2_26\2022_2_26.csproj", "{C73A25B1-9700-4286-8528-5A998CD54381}"
EndProject
Global
	GlobalSection(SolutionConfigurationPlatforms) = preSolution
		Debug|Any CPU = Debug|Any CPU
		Release|Any CPU = Release|Any CPU
	EndGlobalSection
	GlobalSection(ProjectConfigurationPlatforms) = postSolution
		{C73A25B1-9700-4286-8528-5A998CD54381}.Debug|Any CPU.ActiveCfg = Debug|Any CPU
		{C73A25B1-9700-4286-8528-5A998CD54381}.Debug|Any CPU.Build.0 = Debug|Any CPU
		{C73A25B1-9700-4286-8528-5A998CD54381}.Release|Any CPU.ActiveCfg = Release|Any CPU
		{C73A25B1-9700-4286-8528-5A998CD54381}.Release|Any CPU.Build.0 = Release|Any CPU
	EndGlobalSection
	GlobalSection(SolutionProperties) = preSolution
		HideSolutionNode = FALSE
	EndGlobalSection
	GlobalSection(ExtensibilityGlobals) = postSolution
		SolutionGuid = {1BB389DE-C7E1-4890-8B43-BD6FD886EE78}
	EndGlobalSection
EndGlobal
