
Microsoft Visual Studio Solution File, Format Version 12.00
# Visual Studio Version 17
VisualStudioVersion = 17.1.32104.313
MinimumVisualStudioVersion = 10.0.40219.1
Project("{FAE04EC0-301F-11D3-BF4B-00C04F79EFBC}") = "20220109", "20220109\20220109.csproj", "{AC846307-40C4-4B8A-A649-2A9C4BE71CDA}"
EndProject
Global
	GlobalSection(SolutionConfigurationPlatforms) = preSolution
		Debug|Any CPU = Debug|Any CPU
		Release|Any CPU = Release|Any CPU
	EndGlobalSection
	GlobalSection(ProjectConfigurationPlatforms) = postSolution
		{AC846307-40C4-4B8A-A649-2A9C4BE71CDA}.Debug|Any CPU.ActiveCfg = Debug|Any CPU
		{AC846307-40C4-4B8A-A649-2A9C4BE71CDA}.Debug|Any CPU.Build.0 = Debug|Any CPU
		{AC846307-40C4-4B8A-A649-2A9C4BE71CDA}.Release|Any CPU.ActiveCfg = Release|Any CPU
		{AC846307-40C4-4B8A-A649-2A9C4BE71CDA}.Release|Any CPU.Build.0 = Release|Any CPU
	EndGlobalSection
	GlobalSection(SolutionProperties) = preSolution
		HideSolutionNode = FALSE
	EndGlobalSection
	GlobalSection(ExtensibilityGlobals) = postSolution
		SolutionGuid = {B40D6201-EEF1-4558-96F9-DE41017B3B33}
	EndGlobalSection
EndGlobal
