
Microsoft Visual Studio Solution File, Format Version 12.00
# Visual Studio Version 17
VisualStudioVersion = 17.2.32314.265
MinimumVisualStudioVersion = 10.0.40219.1
Project("{FAE04EC0-301F-11D3-BF4B-00C04F79EFBC}") = "20220319", "20220319\20220319.csproj", "{FEDDBC65-6CA8-4977-A6B0-0679EECF2E1D}"
EndProject
Project("{FAE04EC0-301F-11D3-BF4B-00C04F79EFBC}") = "ClientProject", "ClientProject\ClientProject.csproj", "{8B141E3F-33B7-4D4F-B882-E33BE7B98D44}"
EndProject
Global
	GlobalSection(SolutionConfigurationPlatforms) = preSolution
		Debug|Any CPU = Debug|Any CPU
		Release|Any CPU = Release|Any CPU
	EndGlobalSection
	GlobalSection(ProjectConfigurationPlatforms) = postSolution
		{FEDDBC65-6CA8-4977-A6B0-0679EECF2E1D}.Debug|Any CPU.ActiveCfg = Debug|Any CPU
		{FEDDBC65-6CA8-4977-A6B0-0679EECF2E1D}.Debug|Any CPU.Build.0 = Debug|Any CPU
		{FEDDBC65-6CA8-4977-A6B0-0679EECF2E1D}.Release|Any CPU.ActiveCfg = Release|Any CPU
		{FEDDBC65-6CA8-4977-A6B0-0679EECF2E1D}.Release|Any CPU.Build.0 = Release|Any CPU
		{8B141E3F-33B7-4D4F-B882-E33BE7B98D44}.Debug|Any CPU.ActiveCfg = Debug|Any CPU
		{8B141E3F-33B7-4D4F-B882-E33BE7B98D44}.Debug|Any CPU.Build.0 = Debug|Any CPU
		{8B141E3F-33B7-4D4F-B882-E33BE7B98D44}.Release|Any CPU.ActiveCfg = Release|Any CPU
		{8B141E3F-33B7-4D4F-B882-E33BE7B98D44}.Release|Any CPU.Build.0 = Release|Any CPU
	EndGlobalSection
	GlobalSection(SolutionProperties) = preSolution
		HideSolutionNode = FALSE
	EndGlobalSection
	GlobalSection(ExtensibilityGlobals) = postSolution
		SolutionGuid = {2E58BB8C-58ED-4945-9146-68C74B81BE0C}
	EndGlobalSection
EndGlobal
